
Microsoft Visual Studio Solution File, Format Version 12.00
# Visual Studio Version 17
VisualStudioVersion = 17.9.34728.123
MinimumVisualStudioVersion = 10.0.40219.1
Project("{9A19103F-16F7-4668-BE54-9A1E7A4F7556}") = "G19_20240424", "G19_20240424\G19_20240424.csproj", "{4EA2F677-BADA-4EA6-84F1-AEF0680BD6D2}"
EndProject
Project("{9A19103F-16F7-4668-BE54-9A1E7A4F7556}") = "DatabaseHelper.SQL", "DatabaseHelper.SQL\DatabaseHelper.SQL.csproj", "{292B6645-4B95-4E66-9B8A-8CEB88C8BF67}"
EndProject
Project("{9A19103F-16F7-4668-BE54-9A1E7A4F7556}") = "DatabaseHelper.MySQL", "DatabaseHelper.MySQL\DatabaseHelper.MySQL.csproj", "{29D37C52-A406-4A91-BDB8-F9E1E186A916}"
EndProject
Project("{FAE04EC0-301F-11D3-BF4B-00C04F79EFBC}") = "DatabaseConnector", "DatabaseConnector\DatabaseConnector.csproj", "{418DE76F-601F-4401-BB62-0107B9CA4985}"
EndProject
Global
	GlobalSection(SolutionConfigurationPlatforms) = preSolution
		Debug|Any CPU = Debug|Any CPU
		Release|Any CPU = Release|Any CPU
	EndGlobalSection
	GlobalSection(ProjectConfigurationPlatforms) = postSolution
		{4EA2F677-BADA-4EA6-84F1-AEF0680BD6D2}.Debug|Any CPU.ActiveCfg = Debug|Any CPU
		{4EA2F677-BADA-4EA6-84F1-AEF0680BD6D2}.Debug|Any CPU.Build.0 = Debug|Any CPU
		{4EA2F677-BADA-4EA6-84F1-AEF0680BD6D2}.Release|Any CPU.ActiveCfg = Release|Any CPU
		{4EA2F677-BADA-4EA6-84F1-AEF0680BD6D2}.Release|Any CPU.Build.0 = Release|Any CPU
		{292B6645-4B95-4E66-9B8A-8CEB88C8BF67}.Debug|Any CPU.ActiveCfg = Debug|Any CPU
		{292B6645-4B95-4E66-9B8A-8CEB88C8BF67}.Debug|Any CPU.Build.0 = Debug|Any CPU
		{292B6645-4B95-4E66-9B8A-8CEB88C8BF67}.Release|Any CPU.ActiveCfg = Release|Any CPU
		{292B6645-4B95-4E66-9B8A-8CEB88C8BF67}.Release|Any CPU.Build.0 = Release|Any CPU
		{29D37C52-A406-4A91-BDB8-F9E1E186A916}.Debug|Any CPU.ActiveCfg = Debug|Any CPU
		{29D37C52-A406-4A91-BDB8-F9E1E186A916}.Debug|Any CPU.Build.0 = Debug|Any CPU
		{29D37C52-A406-4A91-BDB8-F9E1E186A916}.Release|Any CPU.ActiveCfg = Release|Any CPU
		{29D37C52-A406-4A91-BDB8-F9E1E186A916}.Release|Any CPU.Build.0 = Release|Any CPU
		{418DE76F-601F-4401-BB62-0107B9CA4985}.Debug|Any CPU.ActiveCfg = Debug|Any CPU
		{418DE76F-601F-4401-BB62-0107B9CA4985}.Debug|Any CPU.Build.0 = Debug|Any CPU
		{418DE76F-601F-4401-BB62-0107B9CA4985}.Release|Any CPU.ActiveCfg = Release|Any CPU
		{418DE76F-601F-4401-BB62-0107B9CA4985}.Release|Any CPU.Build.0 = Release|Any CPU
	EndGlobalSection
	GlobalSection(SolutionProperties) = preSolution
		HideSolutionNode = FALSE
	EndGlobalSection
	GlobalSection(ExtensibilityGlobals) = postSolution
		SolutionGuid = {72BB03A1-1F70-4BFA-BB52-5CA3D5805D0F}
	EndGlobalSection
EndGlobal
